// !$*UTF8*$!
{
	archiveVersion = 1;
	classes = {
	};
	objectVersion = 56;
	objects = {

/* Begin PBXBuildFile section */
		1849D9EF2A2B66B30025A4E0 /* GoogleService-Info.plist in Resources */ = {isa = PBXBuildFile; fileRef = 1849D9EE2A2B66B30025A4E0 /* GoogleService-Info.plist */; };
		1849D9F52A2B6AEE0025A4E0 /* HapticManager.swift in Sources */ = {isa = PBXBuildFile; fileRef = 1849D9F42A2B6AEE0025A4E0 /* HapticManager.swift */; };
		1849D9F92A2B718C0025A4E0 /* EntryViewController.swift in Sources */ = {isa = PBXBuildFile; fileRef = 1849D9F82A2B718C0025A4E0 /* EntryViewController.swift */; };
		1849D9FB2A2B71DD0025A4E0 /* SignUpViewController.swift in Sources */ = {isa = PBXBuildFile; fileRef = 1849D9FA2A2B71DD0025A4E0 /* SignUpViewController.swift */; };
		1874A3522A29C14800B56768 /* AuthViewController.swift in Sources */ = {isa = PBXBuildFile; fileRef = 1874A3512A29C14800B56768 /* AuthViewController.swift */; };
		1874A3552A29D13500B56768 /* WelcomeViewController.swift in Sources */ = {isa = PBXBuildFile; fileRef = 1874A3542A29D13500B56768 /* WelcomeViewController.swift */; };
		1874A3582A29D17100B56768 /* Extension.swift in Sources */ = {isa = PBXBuildFile; fileRef = 1874A3572A29D17100B56768 /* Extension.swift */; };
		188255AE2A28956900A826EC /* AppDelegate.swift in Sources */ = {isa = PBXBuildFile; fileRef = 188255AD2A28956900A826EC /* AppDelegate.swift */; };
		188255B02A28956900A826EC /* SceneDelegate.swift in Sources */ = {isa = PBXBuildFile; fileRef = 188255AF2A28956900A826EC /* SceneDelegate.swift */; };
		188255B72A28956D00A826EC /* Assets.xcassets in Resources */ = {isa = PBXBuildFile; fileRef = 188255B62A28956D00A826EC /* Assets.xcassets */; };
		188255BA2A28956D00A826EC /* LaunchScreen.storyboard in Resources */ = {isa = PBXBuildFile; fileRef = 188255B82A28956D00A826EC /* LaunchScreen.storyboard */; };
		18851C2B2A29EF000006C13A /* HomeViewController.swift in Sources */ = {isa = PBXBuildFile; fileRef = 18851C2A2A29EF000006C13A /* HomeViewController.swift */; };
		18851C2E2A29F14B0006C13A /* AuthManager.swift in Sources */ = {isa = PBXBuildFile; fileRef = 18851C2D2A29F14B0006C13A /* AuthManager.swift */; };
		18851C312A29FE040006C13A /* AuthResponse.swift in Sources */ = {isa = PBXBuildFile; fileRef = 18851C302A29FE040006C13A /* AuthResponse.swift */; };
		18851C332A2A05060006C13A /* ApiCaller.swift in Sources */ = {isa = PBXBuildFile; fileRef = 18851C322A2A05060006C13A /* ApiCaller.swift */; };
		188741FF2A2A878500DBE717 /* LocationManager.swift in Sources */ = {isa = PBXBuildFile; fileRef = 188741FE2A2A878500DBE717 /* LocationManager.swift */; };
		188742012A2A879F00DBE717 /* SearchViewController.swift in Sources */ = {isa = PBXBuildFile; fileRef = 188742002A2A879F00DBE717 /* SearchViewController.swift */; };
		18DCB6522A2B82DF00C3A556 /* ProfileViewController.swift in Sources */ = {isa = PBXBuildFile; fileRef = 18DCB6512A2B82DF00C3A556 /* ProfileViewController.swift */; };
		18DCB6542A2BBD7100C3A556 /* PriceViewController.swift in Sources */ = {isa = PBXBuildFile; fileRef = 18DCB6532A2BBD7100C3A556 /* PriceViewController.swift */; };
		DE85229820FC9B0806FC6305 /* Pods_Nber.framework in Frameworks */ = {isa = PBXBuildFile; fileRef = 0B51356861C1342F2D51520B /* Pods_Nber.framework */; };
/* End PBXBuildFile section */

/* Begin PBXFileReference section */
		0B51356861C1342F2D51520B /* Pods_Nber.framework */ = {isa = PBXFileReference; explicitFileType = wrapper.framework; includeInIndex = 0; path = Pods_Nber.framework; sourceTree = BUILT_PRODUCTS_DIR; };
		1849D9EE2A2B66B30025A4E0 /* GoogleService-Info.plist */ = {isa = PBXFileReference; lastKnownFileType = text.plist; path = "GoogleService-Info.plist"; sourceTree = SOURCE_ROOT; };
		1849D9F42A2B6AEE0025A4E0 /* HapticManager.swift */ = {isa = PBXFileReference; lastKnownFileType = sourcecode.swift; path = HapticManager.swift; sourceTree = "<group>"; };
		1849D9F82A2B718C0025A4E0 /* EntryViewController.swift */ = {isa = PBXFileReference; lastKnownFileType = sourcecode.swift; path = EntryViewController.swift; sourceTree = "<group>"; };
		1849D9FA2A2B71DD0025A4E0 /* SignUpViewController.swift */ = {isa = PBXFileReference; lastKnownFileType = sourcecode.swift; path = SignUpViewController.swift; sourceTree = "<group>"; };
		1874A3512A29C14800B56768 /* AuthViewController.swift */ = {isa = PBXFileReference; lastKnownFileType = sourcecode.swift; path = AuthViewController.swift; sourceTree = "<group>"; };
		1874A3542A29D13500B56768 /* WelcomeViewController.swift */ = {isa = PBXFileReference; lastKnownFileType = sourcecode.swift; path = WelcomeViewController.swift; sourceTree = "<group>"; };
		1874A3572A29D17100B56768 /* Extension.swift */ = {isa = PBXFileReference; lastKnownFileType = sourcecode.swift; path = Extension.swift; sourceTree = "<group>"; };
		188255AA2A28956900A826EC /* Nber.app */ = {isa = PBXFileReference; explicitFileType = wrapper.application; includeInIndex = 0; path = Nber.app; sourceTree = BUILT_PRODUCTS_DIR; };
		188255AD2A28956900A826EC /* AppDelegate.swift */ = {isa = PBXFileReference; lastKnownFileType = sourcecode.swift; path = AppDelegate.swift; sourceTree = "<group>"; };
		188255AF2A28956900A826EC /* SceneDelegate.swift */ = {isa = PBXFileReference; lastKnownFileType = sourcecode.swift; path = SceneDelegate.swift; sourceTree = "<group>"; };
		188255B62A28956D00A826EC /* Assets.xcassets */ = {isa = PBXFileReference; lastKnownFileType = folder.assetcatalog; path = Assets.xcassets; sourceTree = "<group>"; };
		188255B92A28956D00A826EC /* Base */ = {isa = PBXFileReference; lastKnownFileType = file.storyboard; name = Base; path = Base.lproj/LaunchScreen.storyboard; sourceTree = "<group>"; };
		188255BB2A28956D00A826EC /* Info.plist */ = {isa = PBXFileReference; lastKnownFileType = text.plist.xml; path = Info.plist; sourceTree = "<group>"; };
		18851C2A2A29EF000006C13A /* HomeViewController.swift */ = {isa = PBXFileReference; lastKnownFileType = sourcecode.swift; path = HomeViewController.swift; sourceTree = "<group>"; };
		18851C2D2A29F14B0006C13A /* AuthManager.swift */ = {isa = PBXFileReference; lastKnownFileType = sourcecode.swift; path = AuthManager.swift; sourceTree = "<group>"; wrapsLines = 0; };
		18851C302A29FE040006C13A /* AuthResponse.swift */ = {isa = PBXFileReference; lastKnownFileType = sourcecode.swift; path = AuthResponse.swift; sourceTree = "<group>"; };
		18851C322A2A05060006C13A /* ApiCaller.swift */ = {isa = PBXFileReference; lastKnownFileType = sourcecode.swift; path = ApiCaller.swift; sourceTree = "<group>"; };
		188741FE2A2A878500DBE717 /* LocationManager.swift */ = {isa = PBXFileReference; lastKnownFileType = sourcecode.swift; path = LocationManager.swift; sourceTree = "<group>"; };
		188742002A2A879F00DBE717 /* SearchViewController.swift */ = {isa = PBXFileReference; lastKnownFileType = sourcecode.swift; path = SearchViewController.swift; sourceTree = "<group>"; };
		18DCB6512A2B82DF00C3A556 /* ProfileViewController.swift */ = {isa = PBXFileReference; lastKnownFileType = sourcecode.swift; path = ProfileViewController.swift; sourceTree = "<group>"; };
		18DCB6532A2BBD7100C3A556 /* PriceViewController.swift */ = {isa = PBXFileReference; lastKnownFileType = sourcecode.swift; path = PriceViewController.swift; sourceTree = "<group>"; };
		1C6B16475AD4D17B53257B40 /* Pods-Nber.release.xcconfig */ = {isa = PBXFileReference; includeInIndex = 1; lastKnownFileType = text.xcconfig; name = "Pods-Nber.release.xcconfig"; path = "Target Support Files/Pods-Nber/Pods-Nber.release.xcconfig"; sourceTree = "<group>"; };
		555C9840B2407E4D3FEA1279 /* Pods-Nber.debug.xcconfig */ = {isa = PBXFileReference; includeInIndex = 1; lastKnownFileType = text.xcconfig; name = "Pods-Nber.debug.xcconfig"; path = "Target Support Files/Pods-Nber/Pods-Nber.debug.xcconfig"; sourceTree = "<group>"; };
/* End PBXFileReference section */

/* Begin PBXFrameworksBuildPhase section */
		188255A72A28956900A826EC /* Frameworks */ = {
			isa = PBXFrameworksBuildPhase;
			buildActionMask = 2147483647;
			files = (
				DE85229820FC9B0806FC6305 /* Pods_Nber.framework in Frameworks */,
			);
			runOnlyForDeploymentPostprocessing = 0;
		};
/* End PBXFrameworksBuildPhase section */

/* Begin PBXGroup section */
		1849D9ED2A2B669F0025A4E0 /* Resources */ = {
			isa = PBXGroup;
			children = (
				188255B62A28956D00A826EC /* Assets.xcassets */,
				1849D9EE2A2B66B30025A4E0 /* GoogleService-Info.plist */,
				188255B82A28956D00A826EC /* LaunchScreen.storyboard */,
				188255AF2A28956900A826EC /* SceneDelegate.swift */,
				188255AD2A28956900A826EC /* AppDelegate.swift */,
			);
			path = Resources;
			sourceTree = "<group>";
		};
		1849D9F02A2B66CB0025A4E0 /* Authentication */ = {
			isa = PBXGroup;
			children = (
				1874A3512A29C14800B56768 /* AuthViewController.swift */,
				1874A3542A29D13500B56768 /* WelcomeViewController.swift */,
				1849D9F82A2B718C0025A4E0 /* EntryViewController.swift */,
				1849D9FA2A2B71DD0025A4E0 /* SignUpViewController.swift */,
			);
			path = Authentication;
			sourceTree = "<group>";
		};
		1849D9F12A2B66E10025A4E0 /* Main */ = {
			isa = PBXGroup;
			children = (
				18851C2A2A29EF000006C13A /* HomeViewController.swift */,
				188742002A2A879F00DBE717 /* SearchViewController.swift */,
				18DCB6532A2BBD7100C3A556 /* PriceViewController.swift */,
				18DCB6512A2B82DF00C3A556 /* ProfileViewController.swift */,
			);
			path = Main;
			sourceTree = "<group>";
		};
		1874A3532A29D11500B56768 /* Controllers */ = {
			isa = PBXGroup;
			children = (
				1849D9F12A2B66E10025A4E0 /* Main */,
				1849D9F02A2B66CB0025A4E0 /* Authentication */,
			);
			path = Controllers;
			sourceTree = "<group>";
		};
		1874A3562A29D15E00B56768 /* Extension */ = {
			isa = PBXGroup;
			children = (
				1874A3572A29D17100B56768 /* Extension.swift */,
			);
			path = Extension;
			sourceTree = "<group>";
		};
		188255A12A28956900A826EC = {
			isa = PBXGroup;
			children = (
				188255AC2A28956900A826EC /* Nber */,
				188255AB2A28956900A826EC /* Products */,
				4E998D3694F6BBDF9F546EAB /* Pods */,
				1BF53ED4E1FF538A0889E846 /* Frameworks */,
			);
			sourceTree = "<group>";
		};
		188255AB2A28956900A826EC /* Products */ = {
			isa = PBXGroup;
			children = (
				188255AA2A28956900A826EC /* Nber.app */,
			);
			name = Products;
			sourceTree = "<group>";
		};
		188255AC2A28956900A826EC /* Nber */ = {
			isa = PBXGroup;
			children = (
				188255BB2A28956D00A826EC /* Info.plist */,
				1849D9ED2A2B669F0025A4E0 /* Resources */,
				18851C2F2A29FDEB0006C13A /* Models */,
				18851C2C2A29F12C0006C13A /* Manager */,
				1874A3562A29D15E00B56768 /* Extension */,
				1874A3532A29D11500B56768 /* Controllers */,
			);
			path = Nber;
			sourceTree = "<group>";
		};
		18851C2C2A29F12C0006C13A /* Manager */ = {
			isa = PBXGroup;
			children = (
				18851C2D2A29F14B0006C13A /* AuthManager.swift */,
				1849D9F42A2B6AEE0025A4E0 /* HapticManager.swift */,
				188741FE2A2A878500DBE717 /* LocationManager.swift */,
				18851C322A2A05060006C13A /* ApiCaller.swift */,
			);
			path = Manager;
			sourceTree = "<group>";
		};
		18851C2F2A29FDEB0006C13A /* Models */ = {
			isa = PBXGroup;
			children = (
				18851C302A29FE040006C13A /* AuthResponse.swift */,
			);
			path = Models;
			sourceTree = "<group>";
		};
		1BF53ED4E1FF538A0889E846 /* Frameworks */ = {
			isa = PBXGroup;
			children = (
				0B51356861C1342F2D51520B /* Pods_Nber.framework */,
			);
			name = Frameworks;
			sourceTree = "<group>";
		};
		4E998D3694F6BBDF9F546EAB /* Pods */ = {
			isa = PBXGroup;
			children = (
				555C9840B2407E4D3FEA1279 /* Pods-Nber.debug.xcconfig */,
				1C6B16475AD4D17B53257B40 /* Pods-Nber.release.xcconfig */,
			);
			path = Pods;
			sourceTree = "<group>";
		};
/* End PBXGroup section */

/* Begin PBXNativeTarget section */
		188255A92A28956900A826EC /* Nber */ = {
			isa = PBXNativeTarget;
			buildConfigurationList = 188255BE2A28956D00A826EC /* Build configuration list for PBXNativeTarget "Nber" */;
			buildPhases = (
				C5E5FCEAD3153E37ADE52914 /* [CP] Check Pods Manifest.lock */,
				188255A62A28956900A826EC /* Sources */,
				188255A72A28956900A826EC /* Frameworks */,
				188255A82A28956900A826EC /* Resources */,
				27FA1832297F3B624427255B /* [CP] Embed Pods Frameworks */,
			);
			buildRules = (
			);
			dependencies = (
			);
			name = Nber;
			productName = Nber;
			productReference = 188255AA2A28956900A826EC /* Nber.app */;
			productType = "com.apple.product-type.application";
		};
/* End PBXNativeTarget section */

/* Begin PBXProject section */
		188255A22A28956900A826EC /* Project object */ = {
			isa = PBXProject;
			attributes = {
				BuildIndependentTargetsInParallel = 1;
				LastSwiftUpdateCheck = 1420;
				LastUpgradeCheck = 1420;
				TargetAttributes = {
					188255A92A28956900A826EC = {
						CreatedOnToolsVersion = 14.2;
					};
				};
			};
			buildConfigurationList = 188255A52A28956900A826EC /* Build configuration list for PBXProject "Nber" */;
			compatibilityVersion = "Xcode 14.0";
			developmentRegion = en;
			hasScannedForEncodings = 0;
			knownRegions = (
				en,
				Base,
			);
			mainGroup = 188255A12A28956900A826EC;
			productRefGroup = 188255AB2A28956900A826EC /* Products */;
			projectDirPath = "";
			projectRoot = "";
			targets = (
				188255A92A28956900A826EC /* Nber */,
			);
		};
/* End PBXProject section */

/* Begin PBXResourcesBuildPhase section */
		188255A82A28956900A826EC /* Resources */ = {
			isa = PBXResourcesBuildPhase;
			buildActionMask = 2147483647;
			files = (
				188255BA2A28956D00A826EC /* LaunchScreen.storyboard in Resources */,
				188255B72A28956D00A826EC /* Assets.xcassets in Resources */,
				1849D9EF2A2B66B30025A4E0 /* GoogleService-Info.plist in Resources */,
			);
			runOnlyForDeploymentPostprocessing = 0;
		};
/* End PBXResourcesBuildPhase section */

/* Begin PBXShellScriptBuildPhase section */
		27FA1832297F3B624427255B /* [CP] Embed Pods Frameworks */ = {
			isa = PBXShellScriptBuildPhase;
			buildActionMask = 2147483647;
			files = (
			);
			inputFileListPaths = (
				"${PODS_ROOT}/Target Support Files/Pods-Nber/Pods-Nber-frameworks-${CONFIGURATION}-input-files.xcfilelist",
			);
			name = "[CP] Embed Pods Frameworks";
			outputFileListPaths = (
				"${PODS_ROOT}/Target Support Files/Pods-Nber/Pods-Nber-frameworks-${CONFIGURATION}-output-files.xcfilelist",
			);
			runOnlyForDeploymentPostprocessing = 0;
			shellPath = /bin/sh;
			shellScript = "\"${PODS_ROOT}/Target Support Files/Pods-Nber/Pods-Nber-frameworks.sh\"\n";
			showEnvVarsInLog = 0;
		};
		C5E5FCEAD3153E37ADE52914 /* [CP] Check Pods Manifest.lock */ = {
			isa = PBXShellScriptBuildPhase;
			buildActionMask = 2147483647;
			files = (
			);
			inputFileListPaths = (
			);
			inputPaths = (
				"${PODS_PODFILE_DIR_PATH}/Podfile.lock",
				"${PODS_ROOT}/Manifest.lock",
			);
			name = "[CP] Check Pods Manifest.lock";
			outputFileListPaths = (
			);
			outputPaths = (
				"$(DERIVED_FILE_DIR)/Pods-Nber-checkManifestLockResult.txt",
			);
			runOnlyForDeploymentPostprocessing = 0;
			shellPath = /bin/sh;
			shellScript = "diff \"${PODS_PODFILE_DIR_PATH}/Podfile.lock\" \"${PODS_ROOT}/Manifest.lock\" > /dev/null\nif [ $? != 0 ] ; then\n    # print error to STDERR\n    echo \"error: The sandbox is not in sync with the Podfile.lock. Run 'pod install' or update your CocoaPods installation.\" >&2\n    exit 1\nfi\n# This output is used by Xcode 'outputs' to avoid re-running this script phase.\necho \"SUCCESS\" > \"${SCRIPT_OUTPUT_FILE_0}\"\n";
			showEnvVarsInLog = 0;
		};
/* End PBXShellScriptBuildPhase section */

/* Begin PBXSourcesBuildPhase section */
		188255A62A28956900A826EC /* Sources */ = {
			isa = PBXSourcesBuildPhase;
			buildActionMask = 2147483647;
			files = (
				1849D9F52A2B6AEE0025A4E0 /* HapticManager.swift in Sources */,
				1874A3522A29C14800B56768 /* AuthViewController.swift in Sources */,
				188742012A2A879F00DBE717 /* SearchViewController.swift in Sources */,
				18851C2E2A29F14B0006C13A /* AuthManager.swift in Sources */,
				188741FF2A2A878500DBE717 /* LocationManager.swift in Sources */,
				1849D9F92A2B718C0025A4E0 /* EntryViewController.swift in Sources */,
				18DCB6542A2BBD7100C3A556 /* PriceViewController.swift in Sources */,
				1874A3552A29D13500B56768 /* WelcomeViewController.swift in Sources */,
				1874A3582A29D17100B56768 /* Extension.swift in Sources */,
				1849D9FB2A2B71DD0025A4E0 /* SignUpViewController.swift in Sources */,
				188255AE2A28956900A826EC /* AppDelegate.swift in Sources */,
				18851C2B2A29EF000006C13A /* HomeViewController.swift in Sources */,
				18851C312A29FE040006C13A /* AuthResponse.swift in Sources */,
				18DCB6522A2B82DF00C3A556 /* ProfileViewController.swift in Sources */,
				18851C332A2A05060006C13A /* ApiCaller.swift in Sources */,
				188255B02A28956900A826EC /* SceneDelegate.swift in Sources */,
			);
			runOnlyForDeploymentPostprocessing = 0;
		};
/* End PBXSourcesBuildPhase section */

/* Begin PBXVariantGroup section */
		188255B82A28956D00A826EC /* LaunchScreen.storyboard */ = {
			isa = PBXVariantGroup;
			children = (
				188255B92A28956D00A826EC /* Base */,
			);
			name = LaunchScreen.storyboard;
			sourceTree = "<group>";
		};
/* End PBXVariantGroup section */

/* Begin XCBuildConfiguration section */
		188255BC2A28956D00A826EC /* Debug */ = {
			isa = XCBuildConfiguration;
			buildSettings = {
				ALWAYS_SEARCH_USER_PATHS = NO;
				CLANG_ANALYZER_NONNULL = YES;
				CLANG_ANALYZER_NUMBER_OBJECT_CONVERSION = YES_AGGRESSIVE;
				CLANG_CXX_LANGUAGE_STANDARD = "gnu++20";
				CLANG_ENABLE_MODULES = YES;
				CLANG_ENABLE_OBJC_ARC = YES;
				CLANG_ENABLE_OBJC_WEAK = YES;
				CLANG_WARN_BLOCK_CAPTURE_AUTORELEASING = YES;
				CLANG_WARN_BOOL_CONVERSION = YES;
				CLANG_WARN_COMMA = YES;
				CLANG_WARN_CONSTANT_CONVERSION = YES;
				CLANG_WARN_DEPRECATED_OBJC_IMPLEMENTATIONS = YES;
				CLANG_WARN_DIRECT_OBJC_ISA_USAGE = YES_ERROR;
				CLANG_WARN_DOCUMENTATION_COMMENTS = YES;
				CLANG_WARN_EMPTY_BODY = YES;
				CLANG_WARN_ENUM_CONVERSION = YES;
				CLANG_WARN_INFINITE_RECURSION = YES;
				CLANG_WARN_INT_CONVERSION = YES;
				CLANG_WARN_NON_LITERAL_NULL_CONVERSION = YES;
				CLANG_WARN_OBJC_IMPLICIT_RETAIN_SELF = YES;
				CLANG_WARN_OBJC_LITERAL_CONVERSION = YES;
				CLANG_WARN_OBJC_ROOT_CLASS = YES_ERROR;
				CLANG_WARN_QUOTED_INCLUDE_IN_FRAMEWORK_HEADER = YES;
				CLANG_WARN_RANGE_LOOP_ANALYSIS = YES;
				CLANG_WARN_STRICT_PROTOTYPES = YES;
				CLANG_WARN_SUSPICIOUS_MOVE = YES;
				CLANG_WARN_UNGUARDED_AVAILABILITY = YES_AGGRESSIVE;
				CLANG_WARN_UNREACHABLE_CODE = YES;
				CLANG_WARN__DUPLICATE_METHOD_MATCH = YES;
				COPY_PHASE_STRIP = NO;
				DEBUG_INFORMATION_FORMAT = dwarf;
				ENABLE_STRICT_OBJC_MSGSEND = YES;
				ENABLE_TESTABILITY = YES;
				GCC_C_LANGUAGE_STANDARD = gnu11;
				GCC_DYNAMIC_NO_PIC = NO;
				GCC_NO_COMMON_BLOCKS = YES;
				GCC_OPTIMIZATION_LEVEL = 0;
				GCC_PREPROCESSOR_DEFINITIONS = (
					"DEBUG=1",
					"$(inherited)",
				);
				GCC_WARN_64_TO_32_BIT_CONVERSION = YES;
				GCC_WARN_ABOUT_RETURN_TYPE = YES_ERROR;
				GCC_WARN_UNDECLARED_SELECTOR = YES;
				GCC_WARN_UNINITIALIZED_AUTOS = YES_AGGRESSIVE;
				GCC_WARN_UNUSED_FUNCTION = YES;
				GCC_WARN_UNUSED_VARIABLE = YES;
				IPHONEOS_DEPLOYMENT_TARGET = 14.1;
				MTL_ENABLE_DEBUG_INFO = INCLUDE_SOURCE;
				MTL_FAST_MATH = YES;
				ONLY_ACTIVE_ARCH = YES;
				SDKROOT = iphoneos;
				SWIFT_ACTIVE_COMPILATION_CONDITIONS = DEBUG;
				SWIFT_OPTIMIZATION_LEVEL = "-Onone";
			};
			name = Debug;
		};
		188255BD2A28956D00A826EC /* Release */ = {
			isa = XCBuildConfiguration;
			buildSettings = {
				ALWAYS_SEARCH_USER_PATHS = NO;
				CLANG_ANALYZER_NONNULL = YES;
				CLANG_ANALYZER_NUMBER_OBJECT_CONVERSION = YES_AGGRESSIVE;
				CLANG_CXX_LANGUAGE_STANDARD = "gnu++20";
				CLANG_ENABLE_MODULES = YES;
				CLANG_ENABLE_OBJC_ARC = YES;
				CLANG_ENABLE_OBJC_WEAK = YES;
				CLANG_WARN_BLOCK_CAPTURE_AUTORELEASING = YES;
				CLANG_WARN_BOOL_CONVERSION = YES;
				CLANG_WARN_COMMA = YES;
				CLANG_WARN_CONSTANT_CONVERSION = YES;
				CLANG_WARN_DEPRECATED_OBJC_IMPLEMENTATIONS = YES;
				CLANG_WARN_DIRECT_OBJC_ISA_USAGE = YES_ERROR;
				CLANG_WARN_DOCUMENTATION_COMMENTS = YES;
				CLANG_WARN_EMPTY_BODY = YES;
				CLANG_WARN_ENUM_CONVERSION = YES;
				CLANG_WARN_INFINITE_RECURSION = YES;
				CLANG_WARN_INT_CONVERSION = YES;
				CLANG_WARN_NON_LITERAL_NULL_CONVERSION = YES;
				CLANG_WARN_OBJC_IMPLICIT_RETAIN_SELF = YES;
				CLANG_WARN_OBJC_LITERAL_CONVERSION = YES;
				CLANG_WARN_OBJC_ROOT_CLASS = YES_ERROR;
				CLANG_WARN_QUOTED_INCLUDE_IN_FRAMEWORK_HEADER = YES;
				CLANG_WARN_RANGE_LOOP_ANALYSIS = YES;
				CLANG_WARN_STRICT_PROTOTYPES = YES;
				CLANG_WARN_SUSPICIOUS_MOVE = YES;
				CLANG_WARN_UNGUARDED_AVAILABILITY = YES_AGGRESSIVE;
				CLANG_WARN_UNREACHABLE_CODE = YES;
				CLANG_WARN__DUPLICATE_METHOD_MATCH = YES;
				COPY_PHASE_STRIP = NO;
				DEBUG_INFORMATION_FORMAT = "dwarf-with-dsym";
				ENABLE_NS_ASSERTIONS = NO;
				ENABLE_STRICT_OBJC_MSGSEND = YES;
				GCC_C_LANGUAGE_STANDARD = gnu11;
				GCC_NO_COMMON_BLOCKS = YES;
				GCC_WARN_64_TO_32_BIT_CONVERSION = YES;
				GCC_WARN_ABOUT_RETURN_TYPE = YES_ERROR;
				GCC_WARN_UNDECLARED_SELECTOR = YES;
				GCC_WARN_UNINITIALIZED_AUTOS = YES_AGGRESSIVE;
				GCC_WARN_UNUSED_FUNCTION = YES;
				GCC_WARN_UNUSED_VARIABLE = YES;
				IPHONEOS_DEPLOYMENT_TARGET = 14.1;
				MTL_ENABLE_DEBUG_INFO = NO;
				MTL_FAST_MATH = YES;
				SDKROOT = iphoneos;
				SWIFT_COMPILATION_MODE = wholemodule;
				SWIFT_OPTIMIZATION_LEVEL = "-O";
				VALIDATE_PRODUCT = YES;
			};
			name = Release;
		};
		188255BF2A28956D00A826EC /* Debug */ = {
			isa = XCBuildConfiguration;
			baseConfigurationReference = 555C9840B2407E4D3FEA1279 /* Pods-Nber.debug.xcconfig */;
			buildSettings = {
				ASSETCATALOG_COMPILER_APPICON_NAME = AppIcon;
				ASSETCATALOG_COMPILER_GLOBAL_ACCENT_COLOR_NAME = AccentColor;
				CODE_SIGN_STYLE = Automatic;
				CURRENT_PROJECT_VERSION = 1;
				DEVELOPMENT_TEAM = HNS64TAJ9X;
				GENERATE_INFOPLIST_FILE = YES;
				INFOPLIST_FILE = Nber/Info.plist;
				INFOPLIST_KEY_NSLocationAlwaysAndWhenInUseUsageDescription = "please allow";
				INFOPLIST_KEY_NSLocationAlwaysUsageDescription = "please allow";
				INFOPLIST_KEY_NSLocationUsageDescription = "please allow";
				INFOPLIST_KEY_NSLocationWhenInUseUsageDescription = "please allow";
				INFOPLIST_KEY_UIApplicationSupportsIndirectInputEvents = YES;
				INFOPLIST_KEY_UILaunchStoryboardName = LaunchScreen;
				INFOPLIST_KEY_UISupportedInterfaceOrientations_iPad = "UIInterfaceOrientationPortrait UIInterfaceOrientationPortraitUpsideDown UIInterfaceOrientationLandscapeLeft UIInterfaceOrientationLandscapeRight";
				INFOPLIST_KEY_UISupportedInterfaceOrientations_iPhone = "UIInterfaceOrientationPortrait UIInterfaceOrientationLandscapeLeft UIInterfaceOrientationLandscapeRight";
				LD_RUNPATH_SEARCH_PATHS = (
					"$(inherited)",
					"@executable_path/Frameworks",
				);
				MARKETING_VERSION = 1.0;
				PRODUCT_BUNDLE_IDENTIFIER = com.jermaine.Nber;
				PRODUCT_NAME = "$(TARGET_NAME)";
				SWIFT_EMIT_LOC_STRINGS = YES;
				SWIFT_VERSION = 5.0;
				TARGETED_DEVICE_FAMILY = "1,2";
			};
			name = Debug;
		};
		188255C02A28956D00A826EC /* Release */ = {
			isa = XCBuildConfiguration;
			baseConfigurationReference = 1C6B16475AD4D17B53257B40 /* Pods-Nber.release.xcconfig */;
			buildSettings = {
				ASSETCATALOG_COMPILER_APPICON_NAME = AppIcon;
				ASSETCATALOG_COMPILER_GLOBAL_ACCENT_COLOR_NAME = AccentColor;
				CODE_SIGN_STYLE = Automatic;
				CURRENT_PROJECT_VERSION = 1;
				DEVELOPMENT_TEAM = HNS64TAJ9X;
				GENERATE_INFOPLIST_FILE = YES;
				INFOPLIST_FILE = Nber/Info.plist;
				INFOPLIST_KEY_NSLocationAlwaysAndWhenInUseUsageDescription = "please allow";
				INFOPLIST_KEY_NSLocationAlwaysUsageDescription = "please allow";
				INFOPLIST_KEY_NSLocationUsageDescription = "please allow";
				INFOPLIST_KEY_NSLocationWhenInUseUsageDescription = "please allow";
				INFOPLIST_KEY_UIApplicationSupportsIndirectInputEvents = YES;
				INFOPLIST_KEY_UILaunchStoryboardName = LaunchScreen;
				INFOPLIST_KEY_UISupportedInterfaceOrientations_iPad = "UIInterfaceOrientationPortrait UIInterfaceOrientationPortraitUpsideDown UIInterfaceOrientationLandscapeLeft UIInterfaceOrientationLandscapeRight";
				INFOPLIST_KEY_UISupportedInterfaceOrientations_iPhone = "UIInterfaceOrientationPortrait UIInterfaceOrientationLandscapeLeft UIInterfaceOrientationLandscapeRight";
				LD_RUNPATH_SEARCH_PATHS = (
					"$(inherited)",
					"@executable_path/Frameworks",
				);
				MARKETING_VERSION = 1.0;
				PRODUCT_BUNDLE_IDENTIFIER = com.jermaine.Nber;
				PRODUCT_NAME = "$(TARGET_NAME)";
				SWIFT_EMIT_LOC_STRINGS = YES;
				SWIFT_VERSION = 5.0;
				TARGETED_DEVICE_FAMILY = "1,2";
			};
			name = Release;
		};
/* End XCBuildConfiguration section */

/* Begin XCConfigurationList section */
		188255A52A28956900A826EC /* Build configuration list for PBXProject "Nber" */ = {
			isa = XCConfigurationList;
			buildConfigurations = (
				188255BC2A28956D00A826EC /* Debug */,
				188255BD2A28956D00A826EC /* Release */,
			);
			defaultConfigurationIsVisible = 0;
			defaultConfigurationName = Release;
		};
		188255BE2A28956D00A826EC /* Build configuration list for PBXNativeTarget "Nber" */ = {
			isa = XCConfigurationList;
			buildConfigurations = (
				188255BF2A28956D00A826EC /* Debug */,
				188255C02A28956D00A826EC /* Release */,
			);
			defaultConfigurationIsVisible = 0;
			defaultConfigurationName = Release;
		};
/* End XCConfigurationList section */
	};
	rootObject = 188255A22A28956900A826EC /* Project object */;
}
